
Microsoft Visual Studio Solution File, Format Version 12.00
Project("{FAE04EC0-301F-11D3-BF4B-00C04F79EFBC}") = "ImportacaoPlanilhaOPlay", "ImportacaoPlanilhaOPlay\ImportacaoPlanilhaOPlay.csproj", "{E089CC81-6030-4EA4-84DB-C527222A7ADD}"
EndProject
Global
	GlobalSection(SolutionConfigurationPlatforms) = preSolution
		Debug|Any CPU = Debug|Any CPU
		Release|Any CPU = Release|Any CPU
	EndGlobalSection
	GlobalSection(ProjectConfigurationPlatforms) = postSolution
		{E089CC81-6030-4EA4-84DB-C527222A7ADD}.Debug|Any CPU.ActiveCfg = Debug|Any CPU
		{E089CC81-6030-4EA4-84DB-C527222A7ADD}.Debug|Any CPU.Build.0 = Debug|Any CPU
		{E089CC81-6030-4EA4-84DB-C527222A7ADD}.Release|Any CPU.ActiveCfg = Release|Any CPU
		{E089CC81-6030-4EA4-84DB-C527222A7ADD}.Release|Any CPU.Build.0 = Release|Any CPU
	EndGlobalSection
EndGlobal
